{
  "name": "phone-numbers-by-carrier-assets",
  "lockfileVersion": 3,
  "requires": true,
  "packages": {
    "": {
      "name": "phone-numbers-by-carrier-assets",
      "dependencies": {
        "htmx-ext-sse": "2.2.4",
        "htmx.org": "2.0.10"
      }
    },
    "node_modules/htmx-ext-sse": {
      "version": "2.2.4",
      "resolved": "https://registry.npmjs.org/htmx-ext-sse/-/htmx-ext-sse-2.2.4.tgz",
      "integrity": "sha512-LJmxVhykyflBWgh5PvbRidcyuqMHlgfajmmzumvKctv9puvsufeH6OaejSMZTNTnEI8O2wXXn4ZZtBdpEMqmEQ==",
      "dependencies": {
        "htmx.org": "^2.0.2"
      }
    },
    "node_modules/htmx.org": {
      "version": "2.0.10",
      "resolved": "https://registry.npmjs.org/htmx.org/-/htmx.org-2.0.10.tgz",
      "integrity": "sha512-kdeJe7ZVwaS6QMz/ebBIVtZdpwen6L0OQ5GOhPV9MKBb196TCZeZu4yA7ZIQsaLKv7EpXz+So7KSXNuHXhj7Cw==",
      "license": "0BSD"
    }
  }
}
